
Microsoft Visual Studio Solution File, Format Version 12.00
# Visual Studio Version 16
VisualStudioVersion = 16.0.31702.278
MinimumVisualStudioVersion = 10.0.40219.1
Project("{FAE04EC0-301F-11D3-BF4B-00C04F79EFBC}") = "To1_Nhom3_Chude16", "To1_Nhom3_Chude16\To1_Nhom3_Chude16.csproj", "{DD3B11F2-5463-4986-A131-DDFBA9C4007F}"
EndProject
Global
	GlobalSection(SolutionConfigurationPlatforms) = preSolution
		Debug|Any CPU = Debug|Any CPU
		Release|Any CPU = Release|Any CPU
	EndGlobalSection
	GlobalSection(ProjectConfigurationPlatforms) = postSolution
		{DD3B11F2-5463-4986-A131-DDFBA9C4007F}.Debug|Any CPU.ActiveCfg = Debug|Any CPU
		{DD3B11F2-5463-4986-A131-DDFBA9C4007F}.Debug|Any CPU.Build.0 = Debug|Any CPU
		{DD3B11F2-5463-4986-A131-DDFBA9C4007F}.Release|Any CPU.ActiveCfg = Release|Any CPU
		{DD3B11F2-5463-4986-A131-DDFBA9C4007F}.Release|Any CPU.Build.0 = Release|Any CPU
	EndGlobalSection
	GlobalSection(SolutionProperties) = preSolution
		HideSolutionNode = FALSE
	EndGlobalSection
	GlobalSection(ExtensibilityGlobals) = postSolution
		SolutionGuid = {84D883E9-820B-41C6-8AB5-95F45396F9E9}
	EndGlobalSection
EndGlobal
